title: CB-LCARS Airlock
path: cb-lcars-airlock
type: sections
max_columns: 3
sections:
  - type: grid
    cards:
      - type: custom:cb-lcars-elbow-card
        cblcars_card_config:
          variables:
            card:
              border:
                left:
                  size: 180
                top:
                  size: 45
                  left_radius: 150
                color: '#2f3749'
            text:
              label:
                padding:
                  left: 56
                  top: 10
                font_size: '16'
          label: |2-
                  <elt>
                      <h1>GREETINGS CAPTAIN</h1>
                      <p>Welcome aboard <strong>CB-LCARS</strong> for Home Assistant
                      <p><strong>CB-LCARS</strong> is a collection of highly customizable cards for
                      building LCARS interfaces in Home Assistant.</p>
                      <p>Please enjoy creating and tinkering with your LCARS interface!
                      <br>For more information see the <a href="https://cb-lcars.unimatrix01.ca" style="color:#37a6d1 !important;">CB-LCARS Repository</a></p>
                  </elt>
          styles:
            label:
              - z-index: 1
          tap_action:
            action: none
          double_tap_action:
            action: none
          hold_action:
            action: none
        cblcars_card_type: cb-lcars-header
        layout_options:
          grid_columns: 9
          grid_rows: 5
      - type: custom:cb-lcars-label-card
        cblcars_card_config:
          show_label: true
          variables:
            text:
              label:
                font_size: 42
                font_weight: 100
                color:
                  default: '#f9ef97'
                justify: right
                padding:
                  right: 15
                  bottom: 6
            card:
              height: 45
              border:
                left:
                  size: 0
                right:
                  size: 65
                color: '#2f3749'
            label: LCARS AIRLOCK
        layout_options:
          grid_columns: 3
          grid_rows: 1
      - square: false
        type: grid
        cards:
          - type: custom:gap-card
          - type: custom:gap-card
          - type: custom:cb-lcars-button-card
            cblcars_card_type: cb-lcars-button-lozenge
            cblcars_card_config:
              show_label: true
              variables:
                label: View Gallery
                card:
                  color:
                    background:
                      inactive: var(--picard-light-blue)
              tap_action:
                action: navigate
                navigation_path: cb-lcars-template-gallery
        columns: 1
        layout_options:
          grid_columns: 2
          grid_rows: 1
    column_span: 3
  - type: grid
    cards:
      - layout_options:
          grid_columns: 9
        type: custom:cblcars-button-card
        template:
          - cb-lcars-functions
          - cb-lcars-card-base
          - cb-lcars-actions-disable
          - cb-lcars-defs
        triggers_update: all
        variables:
          ___debug: false
          ___debug_hass: false
          ___reqs:
            helpers:
              cb_lcars:
                alert_condition: '[[[ return variables.___helpers.alert_condition ]]]'
                lcars_ui_debug: '[[[ return variables.___helpers.lcars_ui_debug ]]]'
              ha_lcars:
                lcars_sound: '[[[ return variables.___helpers.ha_lcars.lcars_sound ]]]'
                lcars_texture: '[[[ return variables.___helpers.ha_lcars.lcars_texture ]]]'
            custom_cards:
              button_card: cblcars-button-card
              card_mod: card-mod
              my_slider_v2: cblcars-my-slider-v2
              layout_card: layout-card
              grid_layout: grid-layout
              hue_like_light_card: hue-like-light-card
            themes:
              ha_lcars: (DO NOT USE/MODIFY)=== Base customizations
              cb_lcars: LCARS Picard [cb-lcars]
          reqs_status:
            helpers:
              cb_lcars:
                alert_condition: >-
                  [[[ return
                  states[variables.___reqs.helpers.cb_lcars.alert_condition]
                  !== undefined; ]]]
                lcars_ui_debug: >-
                  [[[ return
                  states[variables.___reqs.helpers.cb_lcars.lcars_ui_debug]
                  !== undefined; ]]]
              ha_lcars:
                lcars_sound: >-
                  [[[ return
                  states[variables.___reqs.helpers.ha_lcars.lcars_sound] !==
                  undefined; ]]]
                lcars_texture: >-
                  [[[ return
                  states[variables.___reqs.helpers.ha_lcars.lcars_texture]
                  !== undefined; ]]]
            custom_cards:
              button_card: >-
                [[[ return typeof
                customElements.get(variables.___reqs.custom_cards.button_card)
                !== 'undefined'; ]]]
              card_mod: >-
                [[[ return typeof
                customElements.get(variables.___reqs.custom_cards.card_mod)
                !== 'undefined'; ]]]
              my_slider_v2: >-
                [[[ return typeof
                customElements.get(variables.___reqs.custom_cards.my_slider_v2)
                !== 'undefined'; ]]]
              layout_card: >-
                [[[ return typeof
                customElements.get(variables.___reqs.custom_cards.layout_card)
                !== 'undefined'; ]]]
              grid_layout: >-
                [[[ return typeof
                customElements.get(variables.___reqs.custom_cards.grid_layout)
                !== 'undefined'; ]]]
              hue_like_light_card: >-
                [[[ return typeof
                customElements.get(variables.___reqs.custom_cards.hue_like_light_card)
                !== 'undefined'; ]]]
            themes:
              ha_lcars: >-
                [[[ return
                hass.themes.themes.hasOwnProperty(variables.___reqs.themes.ha_lcars)
                ]]]
              cb_lcars: >-
                [[[ return
                hass.themes.themes.hasOwnProperty(variables.___reqs.themes.cb_lcars)
                ]]]
              is_cb_lcars_sys_default: >-
                [[[ return hass.themes.default_dark_theme ===
                variables.___reqs.themes.cb_lcars ]]]
              is_cb_lcars_active: >-
                [[[ return hass.themes.theme ===
                variables.___reqs.themes.cb_lcars ]]]
        styles:
          card:
            - width: 80vw
            - height: 950px
            - border-radius: 0 !important
          custom_fields:
            helpers:
              - position: absolute
              - top: 155px
              - left: 300px
              - z-index: 1
            helpers_header:
              - position: absolute
              - top: 80px
              - left: 300px
            helpers_sidebar1:
              - position: absolute
              - top: 0
              - left: 0px
            helpers_sidebar2:
              - position: absolute
              - top: 235px
              - left: 0px
            helpers_sidebar3:
              - position: absolute
              - top: 520px
              - left: 0px
            helpers_footer:
              - position: absolute
              - top: 320px
              - left: 300px
            custom_cards:
              - position: absolute
              - top: 550px
              - left: 300px
            custom_cards_header:
              - position: absolute
              - top: 475px
              - left: 300px
            custom_cards_footer:
              - position: absolute
              - top: 885px
              - left: 300px
            helpers_text:
              - position: absolute
              - left: 60px
              - text-align: left
              - width: 190px
              - top: 75px
            custom_cards_text:
              - position: absolute
              - left: 60px
              - text-align: left
              - width: 190px
              - top: 550px
            theme_set_default:
              - position: absolute
              - left: 575px
              - top: 320px
              - z-index: 10
            theme_set_user:
              - position: absolute
              - left: 745px
              - top: 320px
              - z-index: 10
        custom_fields:
          log_reqs: '[[[ variables.__cblcarsLog("debug",variables.reqs_status); ]]]'
          theme_set_default:
            card:
              type: custom:cblcars-button-card
              triggers_update: all
              template:
                - cb-lcars-button-lozenge
              label: sys default
              variables:
                card:
                  width: 145px
                  height: 45px
                  color:
                    background:
                      inactive: >-
                        [[[ return
                        (variables.reqs_status.themes.is_cb_lcars_sys_default)
                        ? "var(--picard-light-blue)" :
                        "var(--picard-orange)" ]]]
              tap_action:
                action: call-service
                service: frontend.set_theme
                service_data:
                  mode: dark
                  name: '[[[ return variables.___reqs.themes.cb_lcars ]]]'
                confirmation:
                  text: >-
                    [[[ return "Set [" + variables.___reqs.themes.cb_lcars +
                    "] as the system default theme?" ]]]
          theme_set_user:
            card:
              type: custom:cblcars-button-card
              triggers_update: all
              template:
                - cb-lcars-button-lozenge
              label: set in profile
              variables:
                card:
                  width: 145px
                  height: 45px
                  color:
                    background:
                      inactive: >-
                        [[[ return
                        (variables.reqs_status.themes.is_cb_lcars_active) ?
                        "var(--picard-light-blue)" : "var(--picard-orange)"
                        ]]]
              tap_action:
                action: navigate
                navigation_path: /profile/general
                confirmation:
                  text: >-
                    [[[ return "Navigate to your profile and set your theme
                    to [" + variables.___reqs.themes.cb_lcars + "] (or to
                    the system default if you set that)" ]]]
          helpers_text:
            card:
              type: markdown
              content: >-
                ## Themes and Helpers

                CB-LCARS and HA-LCARS can utilize input helpers to control
                functionality. Please ensure to create the input helpers per
                install instructions.


                HA-LCARS theme must also be installed, and CB-LCARS
                customization added per instructions.
          custom_cards_text:
            card:
              type: markdown
              content: >-
                ## Custom Cards

                CB-LCARS is built upon custom-button-card and uses other
                great custom cards from the community.


                These custom cards can be found in HACS and should be
                installed into HomeAssistant per CB-LCARS installation
                instructions.
          helpers:
            card:
              type: custom:cblcars-button-card
              template:
                - cb-lcars-button-grid
              variables:
                card:
                  width: 1080px
                button:
                  template:
                    - cb-lcars-label
                    - cb-lcars-actions-disable
                grid:
                  template_columns: 220px 410px 150px
                  gap: 10px
                  X: 3
                  'Y': 3
                  buttons:
                    - template: cb-lcars-button-picard-filled
                      label: ha-lcars theme
                      variables:
                        card:
                          width: 200px
                          color:
                            background:
                              inactive: var(--picard-light-gray)
                    - label: HA-LCARS Base Theme
                      variables:
                        card:
                          width: 400px
                          color:
                            background:
                              inactive: null
                        text:
                          label:
                            font_weight: 300
                            font_size: 28px
                            justify: left
                    - label: >-
                        [[[ return (variables.reqs_status.themes.ha_lcars) ?
                        "online" : "offline" ]]]
                      variables:
                        card:
                          width: 240px
                          color:
                            background:
                              inactive: null
                        text:
                          label:
                            font_weight: 300
                            font_size: 30px
                            justify: left
                            color:
                              default: >
                                [[[ return
                                (variables.reqs_status.themes.ha_lcars) ?
                                'var(--picard-medium-light-blue)' :
                                'var(--picard-medium-light-orange)' ]]]
                    - template: cb-lcars-button-picard-filled
                      label: cb-lcars theme
                      variables:
                        card:
                          width: 200px
                          color:
                            background:
                              inactive: var(--picard-blue)
                    - label: '[[[ return variables.___reqs.themes.cb_lcars ]]]'
                      variables:
                        card:
                          width: 400px
                          color:
                            background:
                              inactive: null
                        text:
                          label:
                            font_weight: 300
                            font_size: 28px
                            justify: left
                    - label: >-
                        [[[ return (variables.reqs_status.themes.cb_lcars) ?
                        "online" : "offline" ]]]
                      variables:
                        card:
                          width: 240px
                          color:
                            background:
                              inactive: null
                        text:
                          label:
                            font_weight: 300
                            font_size: 30px
                            justify: left
                            color:
                              default: >
                                [[[ return
                                (variables.reqs_status.themes.cb_lcars) ?
                                'var(--picard-medium-light-blue)' :
                                'var(--picard-medium-light-orange)' ]]]
                    - label: cb-lcars alert
                      template: cb-lcars-button-picard-filled
                      variables:
                        card:
                          width: 200px
                          color:
                            background:
                              inactive: var(--picard-medium-light-gray)
                    - label: >-
                        [[[ return
                        variables.___reqs.helpers.cb_lcars.alert_condition
                        ]]]
                      variables:
                        card:
                          width: 400px
                          color:
                            background:
                              inactive: null
                        text:
                          label:
                            font_weight: 300
                            font_size: 28px
                            justify: left
                    - label: >-
                        [[[ return
                        (variables.reqs_status.helpers.cb_lcars.alert_condition)
                        ? "online" : "offline" ]]]
                      variables:
                        card:
                          width: 240px
                          color:
                            background:
                              inactive: null
                        text:
                          label:
                            font_weight: 300
                            font_size: 30px
                            justify: left
                            color:
                              default: >
                                [[[ return
                                (variables.reqs_status.helpers.cb_lcars.alert_condition)
                                ? 'var(--picard-medium-light-blue)' :
                                'var(--picard-medium-light-orange)' ]]]
          helpers_header:
            card:
              type: custom:cblcars-button-card
              template: cb-lcars-header-callout
              variables:
                card:
                  height: 65px
                  width: calc(75vw)
                  border:
                    color: var(--picard-blue)
                    left:
                      size: 200px
                    top:
                      size: 45px
          helpers_sidebar1:
            card:
              type: custom:cblcars-button-card
              template: cb-lcars-header-callout
              variables:
                card:
                  height: 225px
                  width: 180px
                  border:
                    color: var(--picard-medium-dark-gray)
                    left:
                      size: 45px
                    top:
                      size: 50px
          helpers_sidebar2:
            card:
              type: custom:cblcars-button-card
              template: cb-lcars-footer-callout
              variables:
                card:
                  height: 285px
                  width: 180px
                  border:
                    color: var(--picard-dark-gray)
                    left:
                      size: 45px
                    bottom:
                      size: 100px
          helpers_sidebar3:
            card:
              type: custom:cblcars-button-card
              template: cb-lcars-footer-callout
              variables:
                card:
                  height: 410px
                  width: 180px
                  border:
                    color: var(--picard-dark-gray)
                    left:
                      size: 45px
                    bottom:
                      size: 50px
          helpers_footer:
            card:
              type: custom:cblcars-button-card
              template: cb-lcars-footer-callout
              variables:
                card:
                  height: 85px
                  width: calc(75vw)
                  border:
                    color: var(--picard-dark-blue)
                    left:
                      size: 200px
                    bottom:
                      size: 25px
          custom_cards:
            card:
              type: custom:cblcars-button-card
              template:
                - cb-lcars-button-grid
              variables:
                card:
                  width: 840px
                button:
                  template:
                    - cb-lcars-label
                grid:
                  template_columns: 220px 410px 240px
                  gap: 10px
                  X: 3
                  'Y': 6
                  buttons:
                    - label: Custom Button
                      template: cb-lcars-button-picard-filled
                      variables:
                        card:
                          width: 200px
                          color:
                            background:
                              inactive: var(--picard-gray)
                    - label: >-
                        [[[ return
                        "custom:"+variables.___reqs.custom_cards.button_card
                        ]]]
                      variables:
                        card:
                          width: 400px
                          color:
                            background:
                              inactive: null
                        text:
                          label:
                            font_weight: 300
                            font_size: 28px
                            justify: left
                    - label: >-
                        [[[ return
                        (variables.reqs_status.custom_cards.button_card) ?
                        "online" : "offline" ]]]
                      variables:
                        card:
                          width: 240px
                          color:
                            background:
                              inactive: null
                        text:
                          label:
                            font_weight: 300
                            font_size: 30px
                            justify: left
                            color:
                              default: >
                                [[[ return
                                (variables.reqs_status.custom_cards.button_card)
                                ? 'var(--picard-medium-light-blue)' :
                                'var(--picard-medium-light-orange)' ]]]
                    - template: cb-lcars-button-picard-filled
                      label: card-mod
                      variables:
                        card:
                          width: 200px
                          color:
                            background:
                              inactive: var(--picard-medium-dark-blue)
                    - label: >-
                        [[[ return
                        "custom:"+variables.___reqs.custom_cards.card_mod
                        ]]]
                      variables:
                        card:
                          width: 400px
                          color:
                            background:
                              inactive: null
                        text:
                          label:
                            font_weight: 300
                            font_size: 28px
                            justify: left
                    - label: >-
                        [[[ return
                        (variables.reqs_status.custom_cards.card_mod) ?
                        "online" : "offline" ]]]
                      variables:
                        card:
                          width: 240px
                          color:
                            background:
                              inactive: null
                        text:
                          label:
                            font_weight: 300
                            font_size: 30px
                            justify: left
                            color:
                              default: >
                                [[[ return
                                (variables.reqs_status.custom_cards.card_mod)
                                ? 'var(--picard-medium-light-blue)' :
                                'var(--picard-medium-light-orange)' ]]]
                    - template: cb-lcars-button-picard-filled
                      label: my-slider-v2
                      variables:
                        card:
                          width: 200px
                          color:
                            background:
                              inactive: var(--picard-medium-dark-gray)
                    - label: >-
                        [[[ return
                        "custom:"+variables.___reqs.custom_cards.my_slider_v2
                        ]]]
                      variables:
                        card:
                          width: 400px
                          color:
                            background:
                              inactive: null
                        text:
                          label:
                            font_weight: 300
                            font_size: 28px
                            justify: left
                    - label: >-
                        [[[ return
                        (variables.reqs_status.custom_cards.my_slider_v2) ?
                        "online" : "offline" ]]]
                      variables:
                        card:
                          width: 240px
                          color:
                            background:
                              inactive: null
                        text:
                          label:
                            font_weight: 300
                            font_size: 30px
                            justify: left
                            color:
                              default: >
                                [[[ return
                                (variables.reqs_status.custom_cards.my_slider_v2)
                                ? 'var(--picard-medium-light-blue)' :
                                'var(--picard-medium-light-orange)' ]]]
                    - template: cb-lcars-button-picard-filled
                      label: layout-card
                      variables:
                        card:
                          width: 200px
                          color:
                            background:
                              inactive: var(--picard-blue)
                    - label: >-
                        [[[ return
                        "custom:"+variables.___reqs.custom_cards.layout_card
                        ]]]
                      variables:
                        card:
                          width: 400px
                          color:
                            background:
                              inactive: null
                        text:
                          label:
                            font_weight: 300
                            font_size: 28px
                            justify: left
                    - label: >-
                        [[[ return
                        (variables.reqs_status.custom_cards.layout_card) ?
                        "online" : "offline" ]]]
                      variables:
                        card:
                          width: 240px
                          color:
                            background:
                              inactive: null
                        text:
                          label:
                            font_weight: 300
                            font_size: 30px
                            justify: left
                            color:
                              default: >
                                [[[ return
                                (variables.reqs_status.custom_cards.layout_card)
                                ? 'var(--picard-medium-light-blue)' :
                                'var(--picard-medium-light-orange)' ]]]
                    - template: cb-lcars-button-picard-filled
                      label: grid-layout
                      variables:
                        card:
                          width: 200px
                          color:
                            background:
                              inactive: var(--picard-blue)
                    - label: >-
                        [[[ return
                        "custom:"+variables.___reqs.custom_cards.grid_layout
                        ]]]
                      variables:
                        card:
                          width: 400px
                          color:
                            background:
                              inactive: null
                        text:
                          label:
                            font_weight: 300
                            font_size: 28px
                            justify: left
                    - label: >-
                        [[[ return
                        (variables.reqs_status.custom_cards.grid_layout) ?
                        "online" : "offline" ]]]
                      variables:
                        card:
                          width: 240px
                          color:
                            background:
                              inactive: null
                        text:
                          label:
                            font_weight: 300
                            font_size: 30px
                            justify: left
                            color:
                              default: >
                                [[[ return
                                (variables.reqs_status.custom_cards.grid_layout)
                                ? 'var(--picard-medium-light-blue)' :
                                'var(--picard-medium-light-orange)' ]]]
                    - template: cb-lcars-button-picard-filled
                      label: hue-like
                      variables:
                        card:
                          width: 200px
                          color:
                            background:
                              inactive: var(--picard-dark-gray)
                    - label: >-
                        [[[ return
                        "custom:"+variables.___reqs.custom_cards.hue_like_light_card
                        ]]]
                      variables:
                        card:
                          width: 400px
                          color:
                            background:
                              inactive: null
                        text:
                          label:
                            font_weight: 300
                            font_size: 28px
                            justify: left
                    - label: >-
                        [[[ return
                        (variables.reqs_status.custom_cards.hue_like_light_card)
                        ? "online" : "optional" ]]]
                      variables:
                        card:
                          width: 240px
                          color:
                            background:
                              inactive: null
                        text:
                          label:
                            font_weight: 300
                            font_size: 30px
                            justify: left
                            color:
                              default: >
                                [[[ return
                                (variables.reqs_status.custom_cards.hue_like_light_card)
                                ? 'var(--picard-medium-light-blue)' :
                                'var(--picard-medium-dark-yellow)' ]]]
          custom_cards_header:
            card:
              type: custom:cblcars-button-card
              template: cb-lcars-header-callout
              variables:
                card:
                  height: 65px
                  width: calc(75vw)
                  border:
                    color: var(--picard-blue)
                    left:
                      size: 200px
                    top:
                      size: 45px
          custom_cards_footer:
            card:
              type: custom:cblcars-button-card
              template: cb-lcars-footer-callout
              variables:
                card:
                  height: 45px
                  width: calc(75vw)
                  border:
                    color: var(--picard-dark-blue)
                    left:
                      size: 200px
                    bottom:
                      size: 25px
      - type: custom:cblcars-button-card
        template: cb-lcars-theme
        variables:
          ___debug: false
    column_span: 3
icon: ''
cards: []
